Microsoft Visual Studio Solution File, Format Version 12.00
# Visual Studio 2012
Project("{FAE04EC0-301F-11D3-BF4B-00C04F79EFBC}") = "WormholeEmUp", "WormholeEmUp.csproj", "{40BE5EBB-F661-4E22-BE05-21C594A14D68}"
EndProject
Global
	GlobalSection(SolutionConfigurationPlatforms) = preSolution
	Debug|Any CPU = Debug|Any CPU
	Release|Any CPU = Release|Any CPU
	Tools|Any CPU = Tools|Any CPU
	EndGlobalSection
	GlobalSection(ProjectConfigurationPlatforms) = postSolution
		{40BE5EBB-F661-4E22-BE05-21C594A14D68}.Debug|Any CPU.ActiveCfg = Debug|Any CPU
		{40BE5EBB-F661-4E22-BE05-21C594A14D68}.Debug|Any CPU.Build.0 = Debug|Any CPU
		{40BE5EBB-F661-4E22-BE05-21C594A14D68}.Release|Any CPU.ActiveCfg = Release|Any CPU
		{40BE5EBB-F661-4E22-BE05-21C594A14D68}.Release|Any CPU.Build.0 = Release|Any CPU
		{40BE5EBB-F661-4E22-BE05-21C594A14D68}.Tools|Any CPU.ActiveCfg = Tools|Any CPU
		{40BE5EBB-F661-4E22-BE05-21C594A14D68}.Tools|Any CPU.Build.0 = Tools|Any CPU
	EndGlobalSection
EndGlobal
